
Microsoft Visual Studio Solution File, Format Version 12.00
# Visual Studio Version 16
VisualStudioVersion = 16.0.30611.23
MinimumVisualStudioVersion = 10.0.40219.1
Project("{FAE04EC0-301F-11D3-BF4B-00C04F79EFBC}") = "Struct5", "Struct5\Struct5.csproj", "{9A64F2AC-435D-43CE-B59E-49BBBEEBBA38}"
EndProject
Global
	GlobalSection(SolutionConfigurationPlatforms) = preSolution
		Debug|Any CPU = Debug|Any CPU
		Release|Any CPU = Release|Any CPU
	EndGlobalSection
	GlobalSection(ProjectConfigurationPlatforms) = postSolution
		{9A64F2AC-435D-43CE-B59E-49BBBEEBBA38}.Debug|Any CPU.ActiveCfg = Debug|Any CPU
		{9A64F2AC-435D-43CE-B59E-49BBBEEBBA38}.Debug|Any CPU.Build.0 = Debug|Any CPU
		{9A64F2AC-435D-43CE-B59E-49BBBEEBBA38}.Release|Any CPU.ActiveCfg = Release|Any CPU
		{9A64F2AC-435D-43CE-B59E-49BBBEEBBA38}.Release|Any CPU.Build.0 = Release|Any CPU
	EndGlobalSection
	GlobalSection(SolutionProperties) = preSolution
		HideSolutionNode = FALSE
	EndGlobalSection
	GlobalSection(ExtensibilityGlobals) = postSolution
		SolutionGuid = {8814B440-8A62-4380-9ECA-A42B094936AC}
	EndGlobalSection
EndGlobal
